
Microsoft Visual Studio Solution File, Format Version 12.00
# Visual Studio 15
VisualStudioVersion = 15.0.28010.2036
MinimumVisualStudioVersion = 10.0.40219.1
Project("{FAE04EC0-301F-11D3-BF4B-00C04F79EFBC}") = "CodingPractice", "CodingPractice\CodingPractice.csproj", "{5CFA96DD-BE7B-4A31-8DAB-8F3136FB63E4}"
EndProject
Global
	GlobalSection(SolutionConfigurationPlatforms) = preSolution
		Debug|Any CPU = Debug|Any CPU
		Release|Any CPU = Release|Any CPU
	EndGlobalSection
	GlobalSection(ProjectConfigurationPlatforms) = postSolution
		{5CFA96DD-BE7B-4A31-8DAB-8F3136FB63E4}.Debug|Any CPU.ActiveCfg = Debug|Any CPU
		{5CFA96DD-BE7B-4A31-8DAB-8F3136FB63E4}.Debug|Any CPU.Build.0 = Debug|Any CPU
		{5CFA96DD-BE7B-4A31-8DAB-8F3136FB63E4}.Release|Any CPU.ActiveCfg = Release|Any CPU
		{5CFA96DD-BE7B-4A31-8DAB-8F3136FB63E4}.Release|Any CPU.Build.0 = Release|Any CPU
	EndGlobalSection
	GlobalSection(SolutionProperties) = preSolution
		HideSolutionNode = FALSE
	EndGlobalSection
	GlobalSection(ExtensibilityGlobals) = postSolution
		SolutionGuid = {F8D73737-D1E0-44CA-B7D2-0A2BB6BD3B5B}
	EndGlobalSection
EndGlobal
