
Microsoft Visual Studio Solution File, Format Version 12.00
# Visual Studio Version 16
VisualStudioVersion = 16.0.28803.352
MinimumVisualStudioVersion = 10.0.40219.1
Project("{FAE04EC0-301F-11D3-BF4B-00C04F79EFBC}") = "CommonPrograms", "CodingPractice\CommonPrograms.csproj", "{5CFA96DD-BE7B-4A31-8DAB-8F3136FB63E4}"
EndProject
Project("{FAE04EC0-301F-11D3-BF4B-00C04F79EFBC}") = "CrackingTheCoding", "CrackingTheCoding\CrackingTheCoding.csproj", "{4442D3FF-5877-4622-8870-DB4F5B684059}"
EndProject
Project("{FAE04EC0-301F-11D3-BF4B-00C04F79EFBC}") = "CodingPractice.Test", "CodingPractice.Test\CodingPractice.Test.csproj", "{5FC20C9D-76B6-44A8-A951-90C9C3AC7B80}"
EndProject
Global
	GlobalSection(SolutionConfigurationPlatforms) = preSolution
		Debug|Any CPU = Debug|Any CPU
		Release|Any CPU = Release|Any CPU
	EndGlobalSection
	GlobalSection(ProjectConfigurationPlatforms) = postSolution
		{5CFA96DD-BE7B-4A31-8DAB-8F3136FB63E4}.Debug|Any CPU.ActiveCfg = Debug|Any CPU
		{5CFA96DD-BE7B-4A31-8DAB-8F3136FB63E4}.Debug|Any CPU.Build.0 = Debug|Any CPU
		{5CFA96DD-BE7B-4A31-8DAB-8F3136FB63E4}.Release|Any CPU.ActiveCfg = Release|Any CPU
		{5CFA96DD-BE7B-4A31-8DAB-8F3136FB63E4}.Release|Any CPU.Build.0 = Release|Any CPU
		{4442D3FF-5877-4622-8870-DB4F5B684059}.Debug|Any CPU.ActiveCfg = Debug|Any CPU
		{4442D3FF-5877-4622-8870-DB4F5B684059}.Debug|Any CPU.Build.0 = Debug|Any CPU
		{4442D3FF-5877-4622-8870-DB4F5B684059}.Release|Any CPU.ActiveCfg = Release|Any CPU
		{4442D3FF-5877-4622-8870-DB4F5B684059}.Release|Any CPU.Build.0 = Release|Any CPU
		{5FC20C9D-76B6-44A8-A951-90C9C3AC7B80}.Debug|Any CPU.ActiveCfg = Debug|Any CPU
		{5FC20C9D-76B6-44A8-A951-90C9C3AC7B80}.Debug|Any CPU.Build.0 = Debug|Any CPU
		{5FC20C9D-76B6-44A8-A951-90C9C3AC7B80}.Release|Any CPU.ActiveCfg = Release|Any CPU
		{5FC20C9D-76B6-44A8-A951-90C9C3AC7B80}.Release|Any CPU.Build.0 = Release|Any CPU
	EndGlobalSection
	GlobalSection(SolutionProperties) = preSolution
		HideSolutionNode = FALSE
	EndGlobalSection
	GlobalSection(ExtensibilityGlobals) = postSolution
		SolutionGuid = {F8D73737-D1E0-44CA-B7D2-0A2BB6BD3B5B}
	EndGlobalSection
EndGlobal
